
Microsoft Visual Studio Solution File, Format Version 12.00
# Visual Studio Version 16
VisualStudioVersion = 16.0.31515.178
MinimumVisualStudioVersion = 10.0.40219.1
Project("{FAE04EC0-301F-11D3-BF4B-00C04F79EFBC}") = "Estoque_Produtos", "Estoque_Produtos\Estoque_Produtos.csproj", "{DCE76C3A-2915-420F-81CB-34604CCD5F1A}"
EndProject
Global
	GlobalSection(SolutionConfigurationPlatforms) = preSolution
		Debug|Any CPU = Debug|Any CPU
		Release|Any CPU = Release|Any CPU
	EndGlobalSection
	GlobalSection(ProjectConfigurationPlatforms) = postSolution
		{DCE76C3A-2915-420F-81CB-34604CCD5F1A}.Debug|Any CPU.ActiveCfg = Debug|Any CPU
		{DCE76C3A-2915-420F-81CB-34604CCD5F1A}.Debug|Any CPU.Build.0 = Debug|Any CPU
		{DCE76C3A-2915-420F-81CB-34604CCD5F1A}.Release|Any CPU.ActiveCfg = Release|Any CPU
		{DCE76C3A-2915-420F-81CB-34604CCD5F1A}.Release|Any CPU.Build.0 = Release|Any CPU
	EndGlobalSection
	GlobalSection(SolutionProperties) = preSolution
		HideSolutionNode = FALSE
	EndGlobalSection
	GlobalSection(ExtensibilityGlobals) = postSolution
		SolutionGuid = {551645A2-6C67-4C1C-97BF-7D6224C6622D}
	EndGlobalSection
EndGlobal
